
Microsoft Visual Studio Solution File, Format Version 12.00
# Visual Studio 2013
VisualStudioVersion = 12.0.31101.0
MinimumVisualStudioVersion = 10.0.40219.1
Project("{8BC9CEB8-8B4A-11D0-8D11-00A0C91BC942}") = "LightBaker", "LightBaker\LightBaker.vcxproj", "{D68CE252-90B3-460D-B7CB-50449E58AF46}"
	ProjectSection(ProjectDependencies) = postProject
		{556B630B-3883-4865-9784-94E0784B40E4} = {556B630B-3883-4865-9784-94E0784B40E4}
		{7D445FD6-64B7-497F-99F1-E5CE8480E93B} = {7D445FD6-64B7-497F-99F1-E5CE8480E93B}
	EndProjectSection
EndProject
Project("{8BC9CEB8-8B4A-11D0-8D11-00A0C91BC942}") = "Math", "Math\Math.vcxproj", "{556B630B-3883-4865-9784-94E0784B40E4}"
EndProject
Project("{8BC9CEB8-8B4A-11D0-8D11-00A0C91BC942}") = "Scene", "Scene\Scene.vcxproj", "{7D445FD6-64B7-497F-99F1-E5CE8480E93B}"
	ProjectSection(ProjectDependencies) = postProject
		{556B630B-3883-4865-9784-94E0784B40E4} = {556B630B-3883-4865-9784-94E0784B40E4}
	EndProjectSection
EndProject
Project("{8BC9CEB8-8B4A-11D0-8D11-00A0C91BC942}") = "HALgfx", "HALgfx\HALgfx.vcxproj", "{03392F36-CA3A-4302-8E12-EF867F3A3D24}"
EndProject
Project("{8BC9CEB8-8B4A-11D0-8D11-00A0C91BC942}") = "Viewer", "Viewer\Viewer.vcxproj", "{464188E1-9D5B-4FF8-BF6C-FF7771D9E0CB}"
	ProjectSection(ProjectDependencies) = postProject
		{556B630B-3883-4865-9784-94E0784B40E4} = {556B630B-3883-4865-9784-94E0784B40E4}
		{03392F36-CA3A-4302-8E12-EF867F3A3D24} = {03392F36-CA3A-4302-8E12-EF867F3A3D24}
		{E0158991-9BD9-476A-9A26-4FC0D558F18D} = {E0158991-9BD9-476A-9A26-4FC0D558F18D}
		{7D445FD6-64B7-497F-99F1-E5CE8480E93B} = {7D445FD6-64B7-497F-99F1-E5CE8480E93B}
	EndProjectSection
EndProject
Project("{8BC9CEB8-8B4A-11D0-8D11-00A0C91BC942}") = "Renderer", "Renderer\Renderer.vcxproj", "{E0158991-9BD9-476A-9A26-4FC0D558F18D}"
	ProjectSection(ProjectDependencies) = postProject
		{556B630B-3883-4865-9784-94E0784B40E4} = {556B630B-3883-4865-9784-94E0784B40E4}
		{03392F36-CA3A-4302-8E12-EF867F3A3D24} = {03392F36-CA3A-4302-8E12-EF867F3A3D24}
		{7D445FD6-64B7-497F-99F1-E5CE8480E93B} = {7D445FD6-64B7-497F-99F1-E5CE8480E93B}
	EndProjectSection
EndProject
Project("{2150E333-8FDC-42A3-9474-1A3956D46DE8}") = "shader", "shader", "{A420EC2E-496A-4744-8677-87CB0848A22C}"
	ProjectSection(SolutionItems) = preProject
		shader\depth_pn.hlsl = shader\depth_pn.hlsl
		shader\norm.hlsl = shader\norm.hlsl
		shader\reduceto1d.hlsl = shader\reduceto1d.hlsl
		shader\reduceto1pixel.hlsl = shader\reduceto1pixel.hlsl
		shader\ShaderCompiler.bat = shader\ShaderCompiler.bat
		shader\sky.hlsl = shader\sky.hlsl
		shader\ssao.hlsl = shader\ssao.hlsl
		shader\tonemapping.hlsl = shader\tonemapping.hlsl
	EndProjectSection
EndProject
Global
	GlobalSection(SolutionConfigurationPlatforms) = preSolution
		Debug|Win32 = Debug|Win32
		Release|Win32 = Release|Win32
	EndGlobalSection
	GlobalSection(ProjectConfigurationPlatforms) = postSolution
		{D68CE252-90B3-460D-B7CB-50449E58AF46}.Debug|Win32.ActiveCfg = Debug|Win32
		{D68CE252-90B3-460D-B7CB-50449E58AF46}.Debug|Win32.Build.0 = Debug|Win32
		{D68CE252-90B3-460D-B7CB-50449E58AF46}.Release|Win32.ActiveCfg = Release|Win32
		{D68CE252-90B3-460D-B7CB-50449E58AF46}.Release|Win32.Build.0 = Release|Win32
		{556B630B-3883-4865-9784-94E0784B40E4}.Debug|Win32.ActiveCfg = Debug|Win32
		{556B630B-3883-4865-9784-94E0784B40E4}.Debug|Win32.Build.0 = Debug|Win32
		{556B630B-3883-4865-9784-94E0784B40E4}.Release|Win32.ActiveCfg = Release|Win32
		{556B630B-3883-4865-9784-94E0784B40E4}.Release|Win32.Build.0 = Release|Win32
		{7D445FD6-64B7-497F-99F1-E5CE8480E93B}.Debug|Win32.ActiveCfg = Debug|Win32
		{7D445FD6-64B7-497F-99F1-E5CE8480E93B}.Debug|Win32.Build.0 = Debug|Win32
		{7D445FD6-64B7-497F-99F1-E5CE8480E93B}.Release|Win32.ActiveCfg = Release|Win32
		{7D445FD6-64B7-497F-99F1-E5CE8480E93B}.Release|Win32.Build.0 = Release|Win32
		{03392F36-CA3A-4302-8E12-EF867F3A3D24}.Debug|Win32.ActiveCfg = Debug|Win32
		{03392F36-CA3A-4302-8E12-EF867F3A3D24}.Debug|Win32.Build.0 = Debug|Win32
		{03392F36-CA3A-4302-8E12-EF867F3A3D24}.Release|Win32.ActiveCfg = Release|Win32
		{03392F36-CA3A-4302-8E12-EF867F3A3D24}.Release|Win32.Build.0 = Release|Win32
		{464188E1-9D5B-4FF8-BF6C-FF7771D9E0CB}.Debug|Win32.ActiveCfg = Debug|Win32
		{464188E1-9D5B-4FF8-BF6C-FF7771D9E0CB}.Debug|Win32.Build.0 = Debug|Win32
		{464188E1-9D5B-4FF8-BF6C-FF7771D9E0CB}.Release|Win32.ActiveCfg = Release|Win32
		{464188E1-9D5B-4FF8-BF6C-FF7771D9E0CB}.Release|Win32.Build.0 = Release|Win32
		{E0158991-9BD9-476A-9A26-4FC0D558F18D}.Debug|Win32.ActiveCfg = Debug|Win32
		{E0158991-9BD9-476A-9A26-4FC0D558F18D}.Debug|Win32.Build.0 = Debug|Win32
		{E0158991-9BD9-476A-9A26-4FC0D558F18D}.Release|Win32.ActiveCfg = Release|Win32
		{E0158991-9BD9-476A-9A26-4FC0D558F18D}.Release|Win32.Build.0 = Release|Win32
	EndGlobalSection
	GlobalSection(SolutionProperties) = preSolution
		HideSolutionNode = FALSE
	EndGlobalSection
EndGlobal
